PODS:
  - ASYPresenterSupport (1.0.0)
  - ESCObservable (1.0.3)
  - PMEasyCamera (0.1.0)

DEPENDENCIES:
  - ASYPresenterSupport
  - ESCObservable
  - PMEasyCamera (from `../`)

EXTERNAL SOURCES:
  PMEasyCamera:
    :path: "../"

SPEC CHECKSUMS:
  ASYPresenterSupport: b573f0ff7a712992342accec7d309b7936fc1282
  ESCObservable: 89a9bb16ce62cfd03baa1f1b8f6043357dcf745a
  PMEasyCamera: d97e6389cb93691ccbcbe3d989af7a48febd9b91

COCOAPODS: 0.38.2
