// !$*UTF8*$!
{
	archiveVersion = 1;
	classes = {
	};
	objectVersion = 46;
	objects = {

/* Begin PBXBuildFile section */
		C5F071EA1BF51CF5004ECAF2 /* UIKit.framework in Frameworks */ = {isa = PBXBuildFile; fileRef = C5F071E91BF51CF5004ECAF2 /* UIKit.framework */; };
		C5F072501BF53BD9004ECAF2 /* Foundation.framework in Frameworks */ = {isa = PBXBuildFile; fileRef = C5F0724F1BF53BD9004ECAF2 /* Foundation.framework */; };
		C5F072791BF549F3004ECAF2 /* PMEasyCamera.h in CopyFiles */ = {isa = PBXBuildFile; fileRef = C5F072761BF549E4004ECAF2 /* PMEasyCamera.h */; };
		C5F072811BF54B65004ECAF2 /* PMEasyCamera.h in Headers */ = {isa = PBXBuildFile; fileRef = C5F072761BF549E4004ECAF2 /* PMEasyCamera.h */; settings = {ATTRIBUTES = (Public, ); }; };
		C5F072891BF54DE8004ECAF2 /* PMEasyCameraViewController.h in Headers */ = {isa = PBXBuildFile; fileRef = C5F072871BF54DE8004ECAF2 /* PMEasyCameraViewController.h */; settings = {ATTRIBUTES = (Public, ); }; };
		C5F0728A1BF54DE8004ECAF2 /* PMEasyCameraViewController.m in Sources */ = {isa = PBXBuildFile; fileRef = C5F072881BF54DE8004ECAF2 /* PMEasyCameraViewController.m */; settings = {ASSET_TAGS = (); }; };
/* End PBXBuildFile section */

/* Begin PBXCopyFilesBuildPhase section */
		C5F071DB1BF51C76004ECAF2 /* CopyFiles */ = {
			isa = PBXCopyFilesBuildPhase;
			buildActionMask = 12;
			dstPath = "include/$(PRODUCT_NAME)";
			dstSubfolderSpec = 16;
			files = (
				C5F072791BF549F3004ECAF2 /* PMEasyCamera.h in CopyFiles */,
			);
			runOnlyForDeploymentPostprocessing = 0;
		};
/* End PBXCopyFilesBuildPhase section */

/* Begin PBXFileReference section */
		C5F071DD1BF51C76004ECAF2 /* libPMEasyCamera.a */ = {isa = PBXFileReference; explicitFileType = archive.ar; includeInIndex = 0; path = libPMEasyCamera.a; sourceTree = BUILT_PRODUCTS_DIR; };
		C5F071E91BF51CF5004ECAF2 /* UIKit.framework */ = {isa = PBXFileReference; lastKnownFileType = wrapper.framework; name = UIKit.framework; path = System/Library/Frameworks/UIKit.framework; sourceTree = SDKROOT; };
		C5F0724F1BF53BD9004ECAF2 /* Foundation.framework */ = {isa = PBXFileReference; lastKnownFileType = wrapper.framework; name = Foundation.framework; path = System/Library/Frameworks/Foundation.framework; sourceTree = SDKROOT; };
		C5F072761BF549E4004ECAF2 /* PMEasyCamera.h */ = {isa = PBXFileReference; fileEncoding = 4; lastKnownFileType = sourcecode.c.h; path = PMEasyCamera.h; sourceTree = SOURCE_ROOT; };
		C5F072871BF54DE8004ECAF2 /* PMEasyCameraViewController.h */ = {isa = PBXFileReference; fileEncoding = 4; lastKnownFileType = sourcecode.c.h; path = PMEasyCameraViewController.h; sourceTree = SOURCE_ROOT; };
		C5F072881BF54DE8004ECAF2 /* PMEasyCameraViewController.m */ = {isa = PBXFileReference; fileEncoding = 4; lastKnownFileType = sourcecode.c.objc; path = PMEasyCameraViewController.m; sourceTree = SOURCE_ROOT; };
/* End PBXFileReference section */

/* Begin PBXFrameworksBuildPhase section */
		C5F071DA1BF51C76004ECAF2 /* Frameworks */ = {
			isa = PBXFrameworksBuildPhase;
			buildActionMask = 2147483647;
			files = (
				C5F072501BF53BD9004ECAF2 /* Foundation.framework in Frameworks */,
				C5F071EA1BF51CF5004ECAF2 /* UIKit.framework in Frameworks */,
			);
			runOnlyForDeploymentPostprocessing = 0;
		};
/* End PBXFrameworksBuildPhase section */

/* Begin PBXGroup section */
		C5F071D41BF51C76004ECAF2 = {
			isa = PBXGroup;
			children = (
				C5F0724F1BF53BD9004ECAF2 /* Foundation.framework */,
				C5F071E91BF51CF5004ECAF2 /* UIKit.framework */,
				C5F071DF1BF51C76004ECAF2 /* PMEasyCamera */,
				C5F071DE1BF51C76004ECAF2 /* Products */,
			);
			sourceTree = "<group>";
		};
		C5F071DE1BF51C76004ECAF2 /* Products */ = {
			isa = PBXGroup;
			children = (
				C5F071DD1BF51C76004ECAF2 /* libPMEasyCamera.a */,
			);
			name = Products;
			sourceTree = "<group>";
		};
		C5F071DF1BF51C76004ECAF2 /* PMEasyCamera */ = {
			isa = PBXGroup;
			children = (
				C5F072761BF549E4004ECAF2 /* PMEasyCamera.h */,
				C5F072871BF54DE8004ECAF2 /* PMEasyCameraViewController.h */,
				C5F072881BF54DE8004ECAF2 /* PMEasyCameraViewController.m */,
			);
			path = PMEasyCamera;
			sourceTree = "<group>";
		};
/* End PBXGroup section */

/* Begin PBXHeadersBuildPhase section */
		C5F072801BF54B1B004ECAF2 /* Headers */ = {
			isa = PBXHeadersBuildPhase;
			buildActionMask = 2147483647;
			files = (
				C5F072811BF54B65004ECAF2 /* PMEasyCamera.h in Headers */,
				C5F072891BF54DE8004ECAF2 /* PMEasyCameraViewController.h in Headers */,
			);
			runOnlyForDeploymentPostprocessing = 0;
		};
/* End PBXHeadersBuildPhase section */

/* Begin PBXNativeTarget section */
		C5F071DC1BF51C76004ECAF2 /* PMEasyCamera */ = {
			isa = PBXNativeTarget;
			buildConfigurationList = C5F071E61BF51C76004ECAF2 /* Build configuration list for PBXNativeTarget "PMEasyCamera" */;
			buildPhases = (
				C5F071D91BF51C76004ECAF2 /* Sources */,
				C5F071DA1BF51C76004ECAF2 /* Frameworks */,
				C5F071DB1BF51C76004ECAF2 /* CopyFiles */,
				C5F072801BF54B1B004ECAF2 /* Headers */,
			);
			buildRules = (
			);
			dependencies = (
			);
			name = PMEasyCamera;
			productName = PMEasyCamera;
			productReference = C5F071DD1BF51C76004ECAF2 /* libPMEasyCamera.a */;
			productType = "com.apple.product-type.library.static";
		};
/* End PBXNativeTarget section */

/* Begin PBXProject section */
		C5F071D51BF51C76004ECAF2 /* Project object */ = {
			isa = PBXProject;
			attributes = {
				LastUpgradeCheck = 0700;
				ORGANIZATIONNAME = Phil;
				TargetAttributes = {
					C5F071DC1BF51C76004ECAF2 = {
						CreatedOnToolsVersion = 7.0;
					};
				};
			};
			buildConfigurationList = C5F071D81BF51C76004ECAF2 /* Build configuration list for PBXProject "PMEasyCamera" */;
			compatibilityVersion = "Xcode 3.2";
			developmentRegion = English;
			hasScannedForEncodings = 0;
			knownRegions = (
				en,
			);
			mainGroup = C5F071D41BF51C76004ECAF2;
			productRefGroup = C5F071DE1BF51C76004ECAF2 /* Products */;
			projectDirPath = "";
			projectRoot = "";
			targets = (
				C5F071DC1BF51C76004ECAF2 /* PMEasyCamera */,
			);
		};
/* End PBXProject section */

/* Begin PBXSourcesBuildPhase section */
		C5F071D91BF51C76004ECAF2 /* Sources */ = {
			isa = PBXSourcesBuildPhase;
			buildActionMask = 2147483647;
			files = (
				C5F0728A1BF54DE8004ECAF2 /* PMEasyCameraViewController.m in Sources */,
			);
			runOnlyForDeploymentPostprocessing = 0;
		};
/* End PBXSourcesBuildPhase section */

/* Begin XCBuildConfiguration section */
		C5F071E41BF51C76004ECAF2 /* Debug */ = {
			isa = XCBuildConfiguration;
			buildSettings = {
				ALWAYS_SEARCH_USER_PATHS = NO;
				CLANG_CXX_LANGUAGE_STANDARD = "gnu++0x";
				CLANG_CXX_LIBRARY = "libc++";
				CLANG_ENABLE_MODULES = YES;
				CLANG_ENABLE_OBJC_ARC = YES;
				CLANG_WARN_BOOL_CONVERSION = YES;
				CLANG_WARN_CONSTANT_CONVERSION = YES;
				CLANG_WARN_DIRECT_OBJC_ISA_USAGE = YES_ERROR;
				CLANG_WARN_EMPTY_BODY = YES;
				CLANG_WARN_ENUM_CONVERSION = YES;
				CLANG_WARN_INT_CONVERSION = YES;
				CLANG_WARN_OBJC_ROOT_CLASS = YES_ERROR;
				CLANG_WARN_UNREACHABLE_CODE = YES;
				CLANG_WARN__DUPLICATE_METHOD_MATCH = YES;
				COPY_PHASE_STRIP = NO;
				DEBUG_INFORMATION_FORMAT = dwarf;
				ENABLE_STRICT_OBJC_MSGSEND = YES;
				ENABLE_TESTABILITY = YES;
				GCC_C_LANGUAGE_STANDARD = gnu99;
				GCC_DYNAMIC_NO_PIC = NO;
				GCC_NO_COMMON_BLOCKS = YES;
				GCC_OPTIMIZATION_LEVEL = 0;
				GCC_PREPROCESSOR_DEFINITIONS = (
					"DEBUG=1",
					"$(inherited)",
				);
				GCC_WARN_64_TO_32_BIT_CONVERSION = YES;
				GCC_WARN_ABOUT_RETURN_TYPE = YES_ERROR;
				GCC_WARN_UNDECLARED_SELECTOR = YES;
				GCC_WARN_UNINITIALIZED_AUTOS = YES_AGGRESSIVE;
				GCC_WARN_UNUSED_FUNCTION = YES;
				GCC_WARN_UNUSED_VARIABLE = YES;
				IPHONEOS_DEPLOYMENT_TARGET = 8.0;
				MTL_ENABLE_DEBUG_INFO = YES;
				ONLY_ACTIVE_ARCH = YES;
				SDKROOT = iphoneos;
			};
			name = Debug;
		};
		C5F071E51BF51C76004ECAF2 /* Release */ = {
			isa = XCBuildConfiguration;
			buildSettings = {
				ALWAYS_SEARCH_USER_PATHS = NO;
				CLANG_CXX_LANGUAGE_STANDARD = "gnu++0x";
				CLANG_CXX_LIBRARY = "libc++";
				CLANG_ENABLE_MODULES = YES;
				CLANG_ENABLE_OBJC_ARC = YES;
				CLANG_WARN_BOOL_CONVERSION = YES;
				CLANG_WARN_CONSTANT_CONVERSION = YES;
				CLANG_WARN_DIRECT_OBJC_ISA_USAGE = YES_ERROR;
				CLANG_WARN_EMPTY_BODY = YES;
				CLANG_WARN_ENUM_CONVERSION = YES;
				CLANG_WARN_INT_CONVERSION = YES;
				CLANG_WARN_OBJC_ROOT_CLASS = YES_ERROR;
				CLANG_WARN_UNREACHABLE_CODE = YES;
				CLANG_WARN__DUPLICATE_METHOD_MATCH = YES;
				COPY_PHASE_STRIP = NO;
				DEBUG_INFORMATION_FORMAT = "dwarf-with-dsym";
				ENABLE_NS_ASSERTIONS = NO;
				ENABLE_STRICT_OBJC_MSGSEND = YES;
				GCC_C_LANGUAGE_STANDARD = gnu99;
				GCC_NO_COMMON_BLOCKS = YES;
				GCC_WARN_64_TO_32_BIT_CONVERSION = YES;
				GCC_WARN_ABOUT_RETURN_TYPE = YES_ERROR;
				GCC_WARN_UNDECLARED_SELECTOR = YES;
				GCC_WARN_UNINITIALIZED_AUTOS = YES_AGGRESSIVE;
				GCC_WARN_UNUSED_FUNCTION = YES;
				GCC_WARN_UNUSED_VARIABLE = YES;
				IPHONEOS_DEPLOYMENT_TARGET = 8.0;
				MTL_ENABLE_DEBUG_INFO = NO;
				SDKROOT = iphoneos;
				VALIDATE_PRODUCT = YES;
			};
			name = Release;
		};
		C5F071E71BF51C76004ECAF2 /* Debug */ = {
			isa = XCBuildConfiguration;
			buildSettings = {
				OTHER_LDFLAGS = "-ObjC";
				PRODUCT_NAME = "$(TARGET_NAME)";
				PUBLIC_HEADERS_FOLDER_PATH = "include/$(PROJECT_NAME)";
				SKIP_INSTALL = YES;
			};
			name = Debug;
		};
		C5F071E81BF51C76004ECAF2 /* Release */ = {
			isa = XCBuildConfiguration;
			buildSettings = {
				OTHER_LDFLAGS = "-ObjC";
				PRODUCT_NAME = "$(TARGET_NAME)";
				PUBLIC_HEADERS_FOLDER_PATH = "include/$(PROJECT_NAME)";
				SKIP_INSTALL = YES;
			};
			name = Release;
		};
/* End XCBuildConfiguration section */

/* Begin XCConfigurationList section */
		C5F071D81BF51C76004ECAF2 /* Build configuration list for PBXProject "PMEasyCamera" */ = {
			isa = XCConfigurationList;
			buildConfigurations = (
				C5F071E41BF51C76004ECAF2 /* Debug */,
				C5F071E51BF51C76004ECAF2 /* Release */,
			);
			defaultConfigurationIsVisible = 0;
			defaultConfigurationName = Release;
		};
		C5F071E61BF51C76004ECAF2 /* Build configuration list for PBXNativeTarget "PMEasyCamera" */ = {
			isa = XCConfigurationList;
			buildConfigurations = (
				C5F071E71BF51C76004ECAF2 /* Debug */,
				C5F071E81BF51C76004ECAF2 /* Release */,
			);
			defaultConfigurationIsVisible = 0;
			defaultConfigurationName = Release;
		};
/* End XCConfigurationList section */
	};
	rootObject = C5F071D51BF51C76004ECAF2 /* Project object */;
}
